
Microsoft Visual Studio Solution File, Format Version 12.00
# Visual Studio Version 17
VisualStudioVersion = 17.9.34728.123
MinimumVisualStudioVersion = 10.0.40219.1
Project("{FAE04EC0-301F-11D3-BF4B-00C04F79EFBC}") = "E-Learning-Management-System", "E-Learning-Management-System\E-Learning-Management-System.csproj", "{0F832CCD-A9EC-4C3F-86A1-6E0E41B6AD73}"
EndProject
Global
	GlobalSection(SolutionConfigurationPlatforms) = preSolution
		Debug|Any CPU = Debug|Any CPU
		Release|Any CPU = Release|Any CPU
	EndGlobalSection
	GlobalSection(ProjectConfigurationPlatforms) = postSolution
		{0F832CCD-A9EC-4C3F-86A1-6E0E41B6AD73}.Debug|Any CPU.ActiveCfg = Debug|Any CPU
		{0F832CCD-A9EC-4C3F-86A1-6E0E41B6AD73}.Debug|Any CPU.Build.0 = Debug|Any CPU
		{0F832CCD-A9EC-4C3F-86A1-6E0E41B6AD73}.Release|Any CPU.ActiveCfg = Release|Any CPU
		{0F832CCD-A9EC-4C3F-86A1-6E0E41B6AD73}.Release|Any CPU.Build.0 = Release|Any CPU
	EndGlobalSection
	GlobalSection(SolutionProperties) = preSolution
		HideSolutionNode = FALSE
	EndGlobalSection
	GlobalSection(ExtensibilityGlobals) = postSolution
		SolutionGuid = {C2FA3CB9-F963-40EB-9917-6D9BE41C49E5}
	EndGlobalSection
EndGlobal
